
Microsoft Visual Studio Solution File, Format Version 12.00
# Visual Studio Version 17
VisualStudioVersion = 17.9.34622.214
MinimumVisualStudioVersion = 10.0.40219.1
Project("{FAE04EC0-301F-11D3-BF4B-00C04F79EFBC}") = "BookQuoteApiApp", "BookQuoteApiApp\BookQuoteApiApp.csproj", "{F0066384-29CE-434F-B9E3-B889B5BA7FB3}"
EndProject
Global
	GlobalSection(SolutionConfigurationPlatforms) = preSolution
		Debug|Any CPU = Debug|Any CPU
		Release|Any CPU = Release|Any CPU
	EndGlobalSection
	GlobalSection(ProjectConfigurationPlatforms) = postSolution
		{F0066384-29CE-434F-B9E3-B889B5BA7FB3}.Debug|Any CPU.ActiveCfg = Debug|Any CPU
		{F0066384-29CE-434F-B9E3-B889B5BA7FB3}.Debug|Any CPU.Build.0 = Debug|Any CPU
		{F0066384-29CE-434F-B9E3-B889B5BA7FB3}.Release|Any CPU.ActiveCfg = Release|Any CPU
		{F0066384-29CE-434F-B9E3-B889B5BA7FB3}.Release|Any CPU.Build.0 = Release|Any CPU
	EndGlobalSection
	GlobalSection(SolutionProperties) = preSolution
		HideSolutionNode = FALSE
	EndGlobalSection
	GlobalSection(ExtensibilityGlobals) = postSolution
		SolutionGuid = {321EB7CE-9266-43E9-AD4D-15575D49EC26}
	EndGlobalSection
EndGlobal
